
Microsoft Visual Studio Solution File, Format Version 12.00
# Visual Studio Version 16
VisualStudioVersion = 16.0.31424.327
MinimumVisualStudioVersion = 10.0.40219.1
Project("{8BC9CEB8-8B4A-11D0-8D11-00A0C91BC942}") = "BlackHoleRendering", "BlackHoleRendering\BlackHoleRendering.vcxproj", "{51DE0466-2D4E-4109-BBD1-F461B4A22FEE}"
EndProject
Global
	GlobalSection(SolutionConfigurationPlatforms) = preSolution
		Debug|x64 = Debug|x64
		Release|x64 = Release|x64
	EndGlobalSection
	GlobalSection(ProjectConfigurationPlatforms) = postSolution
		{51DE0466-2D4E-4109-BBD1-F461B4A22FEE}.Debug|x64.ActiveCfg = Debug|x64
		{51DE0466-2D4E-4109-BBD1-F461B4A22FEE}.Debug|x64.Build.0 = Debug|x64
		{51DE0466-2D4E-4109-BBD1-F461B4A22FEE}.Release|x64.ActiveCfg = Release|x64
		{51DE0466-2D4E-4109-BBD1-F461B4A22FEE}.Release|x64.Build.0 = Release|x64
	EndGlobalSection
	GlobalSection(SolutionProperties) = preSolution
		HideSolutionNode = FALSE
	EndGlobalSection
	GlobalSection(ExtensibilityGlobals) = postSolution
		SolutionGuid = {BE0E6487-5087-46DA-AF00-FCF9334D1195}
	EndGlobalSection
EndGlobal
